// !$*UTF8*$!
{
	archiveVersion = 1;
	classes = {
	};
	objectVersion = 55;
	objects = {

/* Begin PBXBuildFile section */
		47F0085D27DED32E00888EC9 /* UI_505App.swift in Sources */ = {isa = PBXBuildFile; fileRef = 47F0085C27DED32E00888EC9 /* UI_505App.swift */; };
		47F0085F27DED32E00888EC9 /* ContentView.swift in Sources */ = {isa = PBXBuildFile; fileRef = 47F0085E27DED32E00888EC9 /* ContentView.swift */; };
		47F0086127DED32F00888EC9 /* Assets.xcassets in Resources */ = {isa = PBXBuildFile; fileRef = 47F0086027DED32F00888EC9 /* Assets.xcassets */; };
		47F0086427DED32F00888EC9 /* Preview Assets.xcassets in Resources */ = {isa = PBXBuildFile; fileRef = 47F0086327DED32F00888EC9 /* Preview Assets.xcassets */; };
		47F0086E27DED32F00888EC9 /* UI_505Tests.swift in Sources */ = {isa = PBXBuildFile; fileRef = 47F0086D27DED32F00888EC9 /* UI_505Tests.swift */; };
		47F0087827DED32F00888EC9 /* UI_505UITests.swift in Sources */ = {isa = PBXBuildFile; fileRef = 47F0087727DED32F00888EC9 /* UI_505UITests.swift */; };
		47F0087A27DED32F00888EC9 /* UI_505UITestsLaunchTests.swift in Sources */ = {isa = PBXBuildFile; fileRef = 47F0087927DED32F00888EC9 /* UI_505UITestsLaunchTests.swift */; };
		47F0088827DED34600888EC9 /* Home.swift in Sources */ = {isa = PBXBuildFile; fileRef = 47F0088727DED34600888EC9 /* Home.swift */; };
		47F0088B27DED3B300888EC9 /* User.swift in Sources */ = {isa = PBXBuildFile; fileRef = 47F0088A27DED3B300888EC9 /* User.swift */; };
		47F0088D27DED3F300888EC9 /* ResponceView.swift in Sources */ = {isa = PBXBuildFile; fileRef = 47F0088C27DED3F300888EC9 /* ResponceView.swift */; };
		47F0088F27DED57C00888EC9 /* SldeBar.swift in Sources */ = {isa = PBXBuildFile; fileRef = 47F0088E27DED57C00888EC9 /* SldeBar.swift */; };
		47F0089127DEDDF500888EC9 /* DetailView.swift in Sources */ = {isa = PBXBuildFile; fileRef = 47F0089027DEDDF500888EC9 /* DetailView.swift */; };
		47F0089427DEE85300888EC9 /* Extensions.swift in Sources */ = {isa = PBXBuildFile; fileRef = 47F0089327DEE85300888EC9 /* Extensions.swift */; };
/* End PBXBuildFile section */

/* Begin PBXContainerItemProxy section */
		47F0086A27DED32F00888EC9 /* PBXContainerItemProxy */ = {
			isa = PBXContainerItemProxy;
			containerPortal = 47F0085127DED32E00888EC9 /* Project object */;
			proxyType = 1;
			remoteGlobalIDString = 47F0085827DED32E00888EC9;
			remoteInfo = "UI-505";
		};
		47F0087427DED32F00888EC9 /* PBXContainerItemProxy */ = {
			isa = PBXContainerItemProxy;
			containerPortal = 47F0085127DED32E00888EC9 /* Project object */;
			proxyType = 1;
			remoteGlobalIDString = 47F0085827DED32E00888EC9;
			remoteInfo = "UI-505";
		};
/* End PBXContainerItemProxy section */

/* Begin PBXFileReference section */
		47F0085927DED32E00888EC9 /* UI-505.app */ = {isa = PBXFileReference; explicitFileType = wrapper.application; includeInIndex = 0; path = "UI-505.app"; sourceTree = BUILT_PRODUCTS_DIR; };
		47F0085C27DED32E00888EC9 /* UI_505App.swift */ = {isa = PBXFileReference; lastKnownFileType = sourcecode.swift; path = UI_505App.swift; sourceTree = "<group>"; };
		47F0085E27DED32E00888EC9 /* ContentView.swift */ = {isa = PBXFileReference; lastKnownFileType = sourcecode.swift; path = ContentView.swift; sourceTree = "<group>"; };
		47F0086027DED32F00888EC9 /* Assets.xcassets */ = {isa = PBXFileReference; lastKnownFileType = folder.assetcatalog; path = Assets.xcassets; sourceTree = "<group>"; };
		47F0086327DED32F00888EC9 /* Preview Assets.xcassets */ = {isa = PBXFileReference; lastKnownFileType = folder.assetcatalog; path = "Preview Assets.xcassets"; sourceTree = "<group>"; };
		47F0086927DED32F00888EC9 /* UI-505Tests.xctest */ = {isa = PBXFileReference; explicitFileType = wrapper.cfbundle; includeInIndex = 0; path = "UI-505Tests.xctest"; sourceTree = BUILT_PRODUCTS_DIR; };
		47F0086D27DED32F00888EC9 /* UI_505Tests.swift */ = {isa = PBXFileReference; lastKnownFileType = sourcecode.swift; path = UI_505Tests.swift; sourceTree = "<group>"; };
		47F0087327DED32F00888EC9 /* UI-505UITests.xctest */ = {isa = PBXFileReference; explicitFileType = wrapper.cfbundle; includeInIndex = 0; path = "UI-505UITests.xctest"; sourceTree = BUILT_PRODUCTS_DIR; };
		47F0087727DED32F00888EC9 /* UI_505UITests.swift */ = {isa = PBXFileReference; lastKnownFileType = sourcecode.swift; path = UI_505UITests.swift; sourceTree = "<group>"; };
		47F0087927DED32F00888EC9 /* UI_505UITestsLaunchTests.swift */ = {isa = PBXFileReference; lastKnownFileType = sourcecode.swift; path = UI_505UITestsLaunchTests.swift; sourceTree = "<group>"; };
		47F0088727DED34600888EC9 /* Home.swift */ = {isa = PBXFileReference; lastKnownFileType = sourcecode.swift; path = Home.swift; sourceTree = "<group>"; };
		47F0088A27DED3B300888EC9 /* User.swift */ = {isa = PBXFileReference; lastKnownFileType = sourcecode.swift; path = User.swift; sourceTree = "<group>"; };
		47F0088C27DED3F300888EC9 /* ResponceView.swift */ = {isa = PBXFileReference; lastKnownFileType = sourcecode.swift; path = ResponceView.swift; sourceTree = "<group>"; };
		47F0088E27DED57C00888EC9 /* SldeBar.swift */ = {isa = PBXFileReference; lastKnownFileType = sourcecode.swift; path = SldeBar.swift; sourceTree = "<group>"; };
		47F0089027DEDDF500888EC9 /* DetailView.swift */ = {isa = PBXFileReference; lastKnownFileType = sourcecode.swift; path = DetailView.swift; sourceTree = "<group>"; };
		47F0089327DEE85300888EC9 /* Extensions.swift */ = {isa = PBXFileReference; lastKnownFileType = sourcecode.swift; path = Extensions.swift; sourceTree = "<group>"; };
/* End PBXFileReference section */

/* Begin PBXFrameworksBuildPhase section */
		47F0085627DED32E00888EC9 /* Frameworks */ = {
			isa = PBXFrameworksBuildPhase;
			buildActionMask = 2147483647;
			files = (
			);
			runOnlyForDeploymentPostprocessing = 0;
		};
		47F0086627DED32F00888EC9 /* Frameworks */ = {
			isa = PBXFrameworksBuildPhase;
			buildActionMask = 2147483647;
			files = (
			);
			runOnlyForDeploymentPostprocessing = 0;
		};
		47F0087027DED32F00888EC9 /* Frameworks */ = {
			isa = PBXFrameworksBuildPhase;
			buildActionMask = 2147483647;
			files = (
			);
			runOnlyForDeploymentPostprocessing = 0;
		};
/* End PBXFrameworksBuildPhase section */

/* Begin PBXGroup section */
		47F0085027DED32E00888EC9 = {
			isa = PBXGroup;
			children = (
				47F0085B27DED32E00888EC9 /* UI-505 */,
				47F0086C27DED32F00888EC9 /* UI-505Tests */,
				47F0087627DED32F00888EC9 /* UI-505UITests */,
				47F0085A27DED32E00888EC9 /* Products */,
			);
			sourceTree = "<group>";
		};
		47F0085A27DED32E00888EC9 /* Products */ = {
			isa = PBXGroup;
			children = (
				47F0085927DED32E00888EC9 /* UI-505.app */,
				47F0086927DED32F00888EC9 /* UI-505Tests.xctest */,
				47F0087327DED32F00888EC9 /* UI-505UITests.xctest */,
			);
			name = Products;
			sourceTree = "<group>";
		};
		47F0085B27DED32E00888EC9 /* UI-505 */ = {
			isa = PBXGroup;
			children = (
				47F0089227DEE83D00888EC9 /* Extensions */,
				47F0088927DED3AD00888EC9 /* Model */,
				47F0088627DED34000888EC9 /* View */,
				47F0085C27DED32E00888EC9 /* UI_505App.swift */,
				47F0085E27DED32E00888EC9 /* ContentView.swift */,
				47F0086027DED32F00888EC9 /* Assets.xcassets */,
				47F0086227DED32F00888EC9 /* Preview Content */,
			);
			path = "UI-505";
			sourceTree = "<group>";
		};
		47F0086227DED32F00888EC9 /* Preview Content */ = {
			isa = PBXGroup;
			children = (
				47F0086327DED32F00888EC9 /* Preview Assets.xcassets */,
			);
			path = "Preview Content";
			sourceTree = "<group>";
		};
		47F0086C27DED32F00888EC9 /* UI-505Tests */ = {
			isa = PBXGroup;
			children = (
				47F0086D27DED32F00888EC9 /* UI_505Tests.swift */,
			);
			path = "UI-505Tests";
			sourceTree = "<group>";
		};
		47F0087627DED32F00888EC9 /* UI-505UITests */ = {
			isa = PBXGroup;
			children = (
				47F0087727DED32F00888EC9 /* UI_505UITests.swift */,
				47F0087927DED32F00888EC9 /* UI_505UITestsLaunchTests.swift */,
			);
			path = "UI-505UITests";
			sourceTree = "<group>";
		};
		47F0088627DED34000888EC9 /* View */ = {
			isa = PBXGroup;
			children = (
				47F0088727DED34600888EC9 /* Home.swift */,
				47F0088C27DED3F300888EC9 /* ResponceView.swift */,
				47F0088E27DED57C00888EC9 /* SldeBar.swift */,
				47F0089027DEDDF500888EC9 /* DetailView.swift */,
			);
			path = View;
			sourceTree = "<group>";
		};
		47F0088927DED3AD00888EC9 /* Model */ = {
			isa = PBXGroup;
			children = (
				47F0088A27DED3B300888EC9 /* User.swift */,
			);
			path = Model;
			sourceTree = "<group>";
		};
		47F0089227DEE83D00888EC9 /* Extensions */ = {
			isa = PBXGroup;
			children = (
				47F0089327DEE85300888EC9 /* Extensions.swift */,
			);
			path = Extensions;
			sourceTree = "<group>";
		};
/* End PBXGroup section */

/* Begin PBXNativeTarget section */
		47F0085827DED32E00888EC9 /* UI-505 */ = {
			isa = PBXNativeTarget;
			buildConfigurationList = 47F0087D27DED32F00888EC9 /* Build configuration list for PBXNativeTarget "UI-505" */;
			buildPhases = (
				47F0085527DED32E00888EC9 /* Sources */,
				47F0085627DED32E00888EC9 /* Frameworks */,
				47F0085727DED32E00888EC9 /* Resources */,
			);
			buildRules = (
			);
			dependencies = (
			);
			name = "UI-505";
			productName = "UI-505";
			productReference = 47F0085927DED32E00888EC9 /* UI-505.app */;
			productType = "com.apple.product-type.application";
		};
		47F0086827DED32F00888EC9 /* UI-505Tests */ = {
			isa = PBXNativeTarget;
			buildConfigurationList = 47F0088027DED32F00888EC9 /* Build configuration list for PBXNativeTarget "UI-505Tests" */;
			buildPhases = (
				47F0086527DED32F00888EC9 /* Sources */,
				47F0086627DED32F00888EC9 /* Frameworks */,
				47F0086727DED32F00888EC9 /* Resources */,
			);
			buildRules = (
			);
			dependencies = (
				47F0086B27DED32F00888EC9 /* PBXTargetDependency */,
			);
			name = "UI-505Tests";
			productName = "UI-505Tests";
			productReference = 47F0086927DED32F00888EC9 /* UI-505Tests.xctest */;
			productType = "com.apple.product-type.bundle.unit-test";
		};
		47F0087227DED32F00888EC9 /* UI-505UITests */ = {
			isa = PBXNativeTarget;
			buildConfigurationList = 47F0088327DED32F00888EC9 /* Build configuration list for PBXNativeTarget "UI-505UITests" */;
			buildPhases = (
				47F0086F27DED32F00888EC9 /* Sources */,
				47F0087027DED32F00888EC9 /* Frameworks */,
				47F0087127DED32F00888EC9 /* Resources */,
			);
			buildRules = (
			);
			dependencies = (
				47F0087527DED32F00888EC9 /* PBXTargetDependency */,
			);
			name = "UI-505UITests";
			productName = "UI-505UITests";
			productReference = 47F0087327DED32F00888EC9 /* UI-505UITests.xctest */;
			productType = "com.apple.product-type.bundle.ui-testing";
		};
/* End PBXNativeTarget section */

/* Begin PBXProject section */
		47F0085127DED32E00888EC9 /* Project object */ = {
			isa = PBXProject;
			attributes = {
				BuildIndependentTargetsInParallel = 1;
				LastSwiftUpdateCheck = 1330;
				LastUpgradeCheck = 1330;
				TargetAttributes = {
					47F0085827DED32E00888EC9 = {
						CreatedOnToolsVersion = 13.3;
					};
					47F0086827DED32F00888EC9 = {
						CreatedOnToolsVersion = 13.3;
						TestTargetID = 47F0085827DED32E00888EC9;
					};
					47F0087227DED32F00888EC9 = {
						CreatedOnToolsVersion = 13.3;
						TestTargetID = 47F0085827DED32E00888EC9;
					};
				};
			};
			buildConfigurationList = 47F0085427DED32E00888EC9 /* Build configuration list for PBXProject "UI-505" */;
			compatibilityVersion = "Xcode 13.0";
			developmentRegion = en;
			hasScannedForEncodings = 0;
			knownRegions = (
				en,
				Base,
			);
			mainGroup = 47F0085027DED32E00888EC9;
			productRefGroup = 47F0085A27DED32E00888EC9 /* Products */;
			projectDirPath = "";
			projectRoot = "";
			targets = (
				47F0085827DED32E00888EC9 /* UI-505 */,
				47F0086827DED32F00888EC9 /* UI-505Tests */,
				47F0087227DED32F00888EC9 /* UI-505UITests */,
			);
		};
/* End PBXProject section */

/* Begin PBXResourcesBuildPhase section */
		47F0085727DED32E00888EC9 /* Resources */ = {
			isa = PBXResourcesBuildPhase;
			buildActionMask = 2147483647;
			files = (
				47F0086427DED32F00888EC9 /* Preview Assets.xcassets in Resources */,
				47F0086127DED32F00888EC9 /* Assets.xcassets in Resources */,
			);
			runOnlyForDeploymentPostprocessing = 0;
		};
		47F0086727DED32F00888EC9 /* Resources */ = {
			isa = PBXResourcesBuildPhase;
			buildActionMask = 2147483647;
			files = (
			);
			runOnlyForDeploymentPostprocessing = 0;
		};
		47F0087127DED32F00888EC9 /* Resources */ = {
			isa = PBXResourcesBuildPhase;
			buildActionMask = 2147483647;
			files = (
			);
			runOnlyForDeploymentPostprocessing = 0;
		};
/* End PBXResourcesBuildPhase section */

/* Begin PBXSourcesBuildPhase section */
		47F0085527DED32E00888EC9 /* Sources */ = {
			isa = PBXSourcesBuildPhase;
			buildActionMask = 2147483647;
			files = (
				47F0088B27DED3B300888EC9 /* User.swift in Sources */,
				47F0085F27DED32E00888EC9 /* ContentView.swift in Sources */,
				47F0088827DED34600888EC9 /* Home.swift in Sources */,
				47F0089427DEE85300888EC9 /* Extensions.swift in Sources */,
				47F0089127DEDDF500888EC9 /* DetailView.swift in Sources */,
				47F0085D27DED32E00888EC9 /* UI_505App.swift in Sources */,
				47F0088D27DED3F300888EC9 /* ResponceView.swift in Sources */,
				47F0088F27DED57C00888EC9 /* SldeBar.swift in Sources */,
			);
			runOnlyForDeploymentPostprocessing = 0;
		};
		47F0086527DED32F00888EC9 /* Sources */ = {
			isa = PBXSourcesBuildPhase;
			buildActionMask = 2147483647;
			files = (
				47F0086E27DED32F00888EC9 /* UI_505Tests.swift in Sources */,
			);
			runOnlyForDeploymentPostprocessing = 0;
		};
		47F0086F27DED32F00888EC9 /* Sources */ = {
			isa = PBXSourcesBuildPhase;
			buildActionMask = 2147483647;
			files = (
				47F0087827DED32F00888EC9 /* UI_505UITests.swift in Sources */,
				47F0087A27DED32F00888EC9 /* UI_505UITestsLaunchTests.swift in Sources */,
			);
			runOnlyForDeploymentPostprocessing = 0;
		};
/* End PBXSourcesBuildPhase section */

/* Begin PBXTargetDependency section */
		47F0086B27DED32F00888EC9 /* PBXTargetDependency */ = {
			isa = PBXTargetDependency;
			target = 47F0085827DED32E00888EC9 /* UI-505 */;
			targetProxy = 47F0086A27DED32F00888EC9 /* PBXContainerItemProxy */;
		};
		47F0087527DED32F00888EC9 /* PBXTargetDependency */ = {
			isa = PBXTargetDependency;
			target = 47F0085827DED32E00888EC9 /* UI-505 */;
			targetProxy = 47F0087427DED32F00888EC9 /* PBXContainerItemProxy */;
		};
/* End PBXTargetDependency section */

/* Begin XCBuildConfiguration section */
		47F0087B27DED32F00888EC9 /* Debug */ = {
			isa = XCBuildConfiguration;
			buildSettings = {
				ALWAYS_SEARCH_USER_PATHS = NO;
				CLANG_ANALYZER_NONNULL = YES;
				CLANG_ANALYZER_NUMBER_OBJECT_CONVERSION = YES_AGGRESSIVE;
				CLANG_CXX_LANGUAGE_STANDARD = "gnu++17";
				CLANG_ENABLE_MODULES = YES;
				CLANG_ENABLE_OBJC_ARC = YES;
				CLANG_ENABLE_OBJC_WEAK = YES;
				CLANG_WARN_BLOCK_CAPTURE_AUTORELEASING = YES;
				CLANG_WARN_BOOL_CONVERSION = YES;
				CLANG_WARN_COMMA = YES;
				CLANG_WARN_CONSTANT_CONVERSION = YES;
				CLANG_WARN_DEPRECATED_OBJC_IMPLEMENTATIONS = YES;
				CLANG_WARN_DIRECT_OBJC_ISA_USAGE = YES_ERROR;
				CLANG_WARN_DOCUMENTATION_COMMENTS = YES;
				CLANG_WARN_EMPTY_BODY = YES;
				CLANG_WARN_ENUM_CONVERSION = YES;
				CLANG_WARN_INFINITE_RECURSION = YES;
				CLANG_WARN_INT_CONVERSION = YES;
				CLANG_WARN_NON_LITERAL_NULL_CONVERSION = YES;
				CLANG_WARN_OBJC_IMPLICIT_RETAIN_SELF = YES;
				CLANG_WARN_OBJC_LITERAL_CONVERSION = YES;
				CLANG_WARN_OBJC_ROOT_CLASS = YES_ERROR;
				CLANG_WARN_QUOTED_INCLUDE_IN_FRAMEWORK_HEADER = YES;
				CLANG_WARN_RANGE_LOOP_ANALYSIS = YES;
				CLANG_WARN_STRICT_PROTOTYPES = YES;
				CLANG_WARN_SUSPICIOUS_MOVE = YES;
				CLANG_WARN_UNGUARDED_AVAILABILITY = YES_AGGRESSIVE;
				CLANG_WARN_UNREACHABLE_CODE = YES;
				CLANG_WARN__DUPLICATE_METHOD_MATCH = YES;
				COPY_PHASE_STRIP = NO;
				DEBUG_INFORMATION_FORMAT = dwarf;
				ENABLE_STRICT_OBJC_MSGSEND = YES;
				ENABLE_TESTABILITY = YES;
				GCC_C_LANGUAGE_STANDARD = gnu11;
				GCC_DYNAMIC_NO_PIC = NO;
				GCC_NO_COMMON_BLOCKS = YES;
				GCC_OPTIMIZATION_LEVEL = 0;
				GCC_PREPROCESSOR_DEFINITIONS = (
					"DEBUG=1",
					"$(inherited)",
				);
				GCC_WARN_64_TO_32_BIT_CONVERSION = YES;
				GCC_WARN_ABOUT_RETURN_TYPE = YES_ERROR;
				GCC_WARN_UNDECLARED_SELECTOR = YES;
				GCC_WARN_UNINITIALIZED_AUTOS = YES_AGGRESSIVE;
				GCC_WARN_UNUSED_FUNCTION = YES;
				GCC_WARN_UNUSED_VARIABLE = YES;
				IPHONEOS_DEPLOYMENT_TARGET = 15.4;
				MTL_ENABLE_DEBUG_INFO = INCLUDE_SOURCE;
				MTL_FAST_MATH = YES;
				ONLY_ACTIVE_ARCH = YES;
				SDKROOT = iphoneos;
				SWIFT_ACTIVE_COMPILATION_CONDITIONS = DEBUG;
				SWIFT_OPTIMIZATION_LEVEL = "-Onone";
			};
			name = Debug;
		};
		47F0087C27DED32F00888EC9 /* Release */ = {
			isa = XCBuildConfiguration;
			buildSettings = {
				ALWAYS_SEARCH_USER_PATHS = NO;
				CLANG_ANALYZER_NONNULL = YES;
				CLANG_ANALYZER_NUMBER_OBJECT_CONVERSION = YES_AGGRESSIVE;
				CLANG_CXX_LANGUAGE_STANDARD = "gnu++17";
				CLANG_ENABLE_MODULES = YES;
				CLANG_ENABLE_OBJC_ARC = YES;
				CLANG_ENABLE_OBJC_WEAK = YES;
				CLANG_WARN_BLOCK_CAPTURE_AUTORELEASING = YES;
				CLANG_WARN_BOOL_CONVERSION = YES;
				CLANG_WARN_COMMA = YES;
				CLANG_WARN_CONSTANT_CONVERSION = YES;
				CLANG_WARN_DEPRECATED_OBJC_IMPLEMENTATIONS = YES;
				CLANG_WARN_DIRECT_OBJC_ISA_USAGE = YES_ERROR;
				CLANG_WARN_DOCUMENTATION_COMMENTS = YES;
				CLANG_WARN_EMPTY_BODY = YES;
				CLANG_WARN_ENUM_CONVERSION = YES;
				CLANG_WARN_INFINITE_RECURSION = YES;
				CLANG_WARN_INT_CONVERSION = YES;
				CLANG_WARN_NON_LITERAL_NULL_CONVERSION = YES;
				CLANG_WARN_OBJC_IMPLICIT_RETAIN_SELF = YES;
				CLANG_WARN_OBJC_LITERAL_CONVERSION = YES;
				CLANG_WARN_OBJC_ROOT_CLASS = YES_ERROR;
				CLANG_WARN_QUOTED_INCLUDE_IN_FRAMEWORK_HEADER = YES;
				CLANG_WARN_RANGE_LOOP_ANALYSIS = YES;
				CLANG_WARN_STRICT_PROTOTYPES = YES;
				CLANG_WARN_SUSPICIOUS_MOVE = YES;
				CLANG_WARN_UNGUARDED_AVAILABILITY = YES_AGGRESSIVE;
				CLANG_WARN_UNREACHABLE_CODE = YES;
				CLANG_WARN__DUPLICATE_METHOD_MATCH = YES;
				COPY_PHASE_STRIP = NO;
				DEBUG_INFORMATION_FORMAT = "dwarf-with-dsym";
				ENABLE_NS_ASSERTIONS = NO;
				ENABLE_STRICT_OBJC_MSGSEND = YES;
				GCC_C_LANGUAGE_STANDARD = gnu11;
				GCC_NO_COMMON_BLOCKS = YES;
				GCC_WARN_64_TO_32_BIT_CONVERSION = YES;
				GCC_WARN_ABOUT_RETURN_TYPE = YES_ERROR;
				GCC_WARN_UNDECLARED_SELECTOR = YES;
				GCC_WARN_UNINITIALIZED_AUTOS = YES_AGGRESSIVE;
				GCC_WARN_UNUSED_FUNCTION = YES;
				GCC_WARN_UNUSED_VARIABLE = YES;
				IPHONEOS_DEPLOYMENT_TARGET = 15.4;
				MTL_ENABLE_DEBUG_INFO = NO;
				MTL_FAST_MATH = YES;
				SDKROOT = iphoneos;
				SWIFT_COMPILATION_MODE = wholemodule;
				SWIFT_OPTIMIZATION_LEVEL = "-O";
				VALIDATE_PRODUCT = YES;
			};
			name = Release;
		};
		47F0087E27DED32F00888EC9 /* Debug */ = {
			isa = XCBuildConfiguration;
			buildSettings = {
				ASSETCATALOG_COMPILER_APPICON_NAME = AppIcon;
				ASSETCATALOG_COMPILER_GLOBAL_ACCENT_COLOR_NAME = AccentColor;
				CODE_SIGN_STYLE = Automatic;
				CURRENT_PROJECT_VERSION = 1;
				DEVELOPMENT_ASSET_PATHS = "\"UI-505/Preview Content\"";
				DEVELOPMENT_TEAM = 8CL4U468K5;
				ENABLE_PREVIEWS = YES;
				GENERATE_INFOPLIST_FILE = YES;
				INFOPLIST_KEY_UIApplicationSceneManifest_Generation = YES;
				INFOPLIST_KEY_UIApplicationSupportsIndirectInputEvents = YES;
				INFOPLIST_KEY_UILaunchScreen_Generation = YES;
				INFOPLIST_KEY_UISupportedInterfaceOrientations_iPad = "UIInterfaceOrientationPortrait UIInterfaceOrientationPortraitUpsideDown UIInterfaceOrientationLandscapeLeft UIInterfaceOrientationLandscapeRight";
				INFOPLIST_KEY_UISupportedInterfaceOrientations_iPhone = "UIInterfaceOrientationPortrait UIInterfaceOrientationLandscapeLeft UIInterfaceOrientationLandscapeRight";
				LD_RUNPATH_SEARCH_PATHS = (
					"$(inherited)",
					"@executable_path/Frameworks",
				);
				MARKETING_VERSION = 1.0;
				PRODUCT_BUNDLE_IDENTIFIER = "com.585.UI-505";
				PRODUCT_NAME = "$(TARGET_NAME)";
				SWIFT_EMIT_LOC_STRINGS = YES;
				SWIFT_VERSION = 5.0;
				TARGETED_DEVICE_FAMILY = "1,2";
			};
			name = Debug;
		};
		47F0087F27DED32F00888EC9 /* Release */ = {
			isa = XCBuildConfiguration;
			buildSettings = {
				ASSETCATALOG_COMPILER_APPICON_NAME = AppIcon;
				ASSETCATALOG_COMPILER_GLOBAL_ACCENT_COLOR_NAME = AccentColor;
				CODE_SIGN_STYLE = Automatic;
				CURRENT_PROJECT_VERSION = 1;
				DEVELOPMENT_ASSET_PATHS = "\"UI-505/Preview Content\"";
				DEVELOPMENT_TEAM = 8CL4U468K5;
				ENABLE_PREVIEWS = YES;
				GENERATE_INFOPLIST_FILE = YES;
				INFOPLIST_KEY_UIApplicationSceneManifest_Generation = YES;
				INFOPLIST_KEY_UIApplicationSupportsIndirectInputEvents = YES;
				INFOPLIST_KEY_UILaunchScreen_Generation = YES;
				INFOPLIST_KEY_UISupportedInterfaceOrientations_iPad = "UIInterfaceOrientationPortrait UIInterfaceOrientationPortraitUpsideDown UIInterfaceOrientationLandscapeLeft UIInterfaceOrientationLandscapeRight";
				INFOPLIST_KEY_UISupportedInterfaceOrientations_iPhone = "UIInterfaceOrientationPortrait UIInterfaceOrientationLandscapeLeft UIInterfaceOrientationLandscapeRight";
				LD_RUNPATH_SEARCH_PATHS = (
					"$(inherited)",
					"@executable_path/Frameworks",
				);
				MARKETING_VERSION = 1.0;
				PRODUCT_BUNDLE_IDENTIFIER = "com.585.UI-505";
				PRODUCT_NAME = "$(TARGET_NAME)";
				SWIFT_EMIT_LOC_STRINGS = YES;
				SWIFT_VERSION = 5.0;
				TARGETED_DEVICE_FAMILY = "1,2";
			};
			name = Release;
		};
		47F0088127DED32F00888EC9 /* Debug */ = {
			isa = XCBuildConfiguration;
			buildSettings = {
				ALWAYS_EMBED_SWIFT_STANDARD_LIBRARIES = YES;
				BUNDLE_LOADER = "$(TEST_HOST)";
				CODE_SIGN_STYLE = Automatic;
				CURRENT_PROJECT_VERSION = 1;
				DEVELOPMENT_TEAM = 8CL4U468K5;
				GENERATE_INFOPLIST_FILE = YES;
				IPHONEOS_DEPLOYMENT_TARGET = 15.4;
				MARKETING_VERSION = 1.0;
				PRODUCT_BUNDLE_IDENTIFIER = "com.585.UI-505Tests";
				PRODUCT_NAME = "$(TARGET_NAME)";
				SWIFT_EMIT_LOC_STRINGS = NO;
				SWIFT_VERSION = 5.0;
				TARGETED_DEVICE_FAMILY = "1,2";
				TEST_HOST = "$(BUILT_PRODUCTS_DIR)/UI-505.app/UI-505";
			};
			name = Debug;
		};
		47F0088227DED32F00888EC9 /* Release */ = {
			isa = XCBuildConfiguration;
			buildSettings = {
				ALWAYS_EMBED_SWIFT_STANDARD_LIBRARIES = YES;
				BUNDLE_LOADER = "$(TEST_HOST)";
				CODE_SIGN_STYLE = Automatic;
				CURRENT_PROJECT_VERSION = 1;
				DEVELOPMENT_TEAM = 8CL4U468K5;
				GENERATE_INFOPLIST_FILE = YES;
				IPHONEOS_DEPLOYMENT_TARGET = 15.4;
				MARKETING_VERSION = 1.0;
				PRODUCT_BUNDLE_IDENTIFIER = "com.585.UI-505Tests";
				PRODUCT_NAME = "$(TARGET_NAME)";
				SWIFT_EMIT_LOC_STRINGS = NO;
				SWIFT_VERSION = 5.0;
				TARGETED_DEVICE_FAMILY = "1,2";
				TEST_HOST = "$(BUILT_PRODUCTS_DIR)/UI-505.app/UI-505";
			};
			name = Release;
		};
		47F0088427DED32F00888EC9 /* Debug */ = {
			isa = XCBuildConfiguration;
			buildSettings = {
				ALWAYS_EMBED_SWIFT_STANDARD_LIBRARIES = YES;
				CODE_SIGN_STYLE = Automatic;
				CURRENT_PROJECT_VERSION = 1;
				DEVELOPMENT_TEAM = 8CL4U468K5;
				GENERATE_INFOPLIST_FILE = YES;
				MARKETING_VERSION = 1.0;
				PRODUCT_BUNDLE_IDENTIFIER = "com.585.UI-505UITests";
				PRODUCT_NAME = "$(TARGET_NAME)";
				SWIFT_EMIT_LOC_STRINGS = NO;
				SWIFT_VERSION = 5.0;
				TARGETED_DEVICE_FAMILY = "1,2";
				TEST_TARGET_NAME = "UI-505";
			};
			name = Debug;
		};
		47F0088527DED32F00888EC9 /* Release */ = {
			isa = XCBuildConfiguration;
			buildSettings = {
				ALWAYS_EMBED_SWIFT_STANDARD_LIBRARIES = YES;
				CODE_SIGN_STYLE = Automatic;
				CURRENT_PROJECT_VERSION = 1;
				DEVELOPMENT_TEAM = 8CL4U468K5;
				GENERATE_INFOPLIST_FILE = YES;
				MARKETING_VERSION = 1.0;
				PRODUCT_BUNDLE_IDENTIFIER = "com.585.UI-505UITests";
				PRODUCT_NAME = "$(TARGET_NAME)";
				SWIFT_EMIT_LOC_STRINGS = NO;
				SWIFT_VERSION = 5.0;
				TARGETED_DEVICE_FAMILY = "1,2";
				TEST_TARGET_NAME = "UI-505";
			};
			name = Release;
		};
/* End XCBuildConfiguration section */

/* Begin XCConfigurationList section */
		47F0085427DED32E00888EC9 /* Build configuration list for PBXProject "UI-505" */ = {
			isa = XCConfigurationList;
			buildConfigurations = (
				47F0087B27DED32F00888EC9 /* Debug */,
				47F0087C27DED32F00888EC9 /* Release */,
			);
			defaultConfigurationIsVisible = 0;
			defaultConfigurationName = Release;
		};
		47F0087D27DED32F00888EC9 /* Build configuration list for PBXNativeTarget "UI-505" */ = {
			isa = XCConfigurationList;
			buildConfigurations = (
				47F0087E27DED32F00888EC9 /* Debug */,
				47F0087F27DED32F00888EC9 /* Release */,
			);
			defaultConfigurationIsVisible = 0;
			defaultConfigurationName = Release;
		};
		47F0088027DED32F00888EC9 /* Build configuration list for PBXNativeTarget "UI-505Tests" */ = {
			isa = XCConfigurationList;
			buildConfigurations = (
				47F0088127DED32F00888EC9 /* Debug */,
				47F0088227DED32F00888EC9 /* Release */,
			);
			defaultConfigurationIsVisible = 0;
			defaultConfigurationName = Release;
		};
		47F0088327DED32F00888EC9 /* Build configuration list for PBXNativeTarget "UI-505UITests" */ = {
			isa = XCConfigurationList;
			buildConfigurations = (
				47F0088427DED32F00888EC9 /* Debug */,
				47F0088527DED32F00888EC9 /* Release */,
			);
			defaultConfigurationIsVisible = 0;
			defaultConfigurationName = Release;
		};
/* End XCConfigurationList section */
	};
	rootObject = 47F0085127DED32E00888EC9 /* Project object */;
}
